
Microsoft Visual Studio Solution File, Format Version 11.00
# Visual Studio 2010
Project("{F2A71F9B-5D33-465A-A702-920D77279786}") = "fWIC", "fWIC.fsproj", "{81B0CA56-620C-44A0-9205-7952329B99E1}"
EndProject
Global
	GlobalSection(SolutionConfigurationPlatforms) = preSolution
		Debug|x86 = Debug|x86
		Release|x86 = Release|x86
	EndGlobalSection
	GlobalSection(ProjectConfigurationPlatforms) = postSolution
		{81B0CA56-620C-44A0-9205-7952329B99E1}.Debug|x86.ActiveCfg = Debug|x86
		{81B0CA56-620C-44A0-9205-7952329B99E1}.Debug|x86.Build.0 = Debug|x86
		{81B0CA56-620C-44A0-9205-7952329B99E1}.Release|x86.ActiveCfg = Release|x86
		{81B0CA56-620C-44A0-9205-7952329B99E1}.Release|x86.Build.0 = Release|x86
	EndGlobalSection
	GlobalSection(SolutionProperties) = preSolution
		HideSolutionNode = FALSE
	EndGlobalSection
EndGlobal
